%{
  "cowboy": {:hex, :cowboy, "2.7.0", "91ed100138a764355f43316b1d23d7ff6bdb0de4ea618cb5d8677c93a7a2f115", [:rebar3], [{:cowlib, "~> 2.8.0", [hex: :cowlib, repo: "hexpm", optional: false]}, {:ranch, "~> 1.7.1", [hex: :ranch, repo: "hexpm", optional: false]}], "hexpm", "04fd8c6a39edc6aaa9c26123009200fc61f92a3a94f3178c527b70b767c6e605"},
  "cowlib": {:hex, :cowlib, "2.8.0", "fd0ff1787db84ac415b8211573e9a30a3ebe71b5cbff7f720089972b2319c8a4", [:rebar3], [], "hexpm", "79f954a7021b302186a950a32869dbc185523d99d3e44ce430cd1f3289f41ed4"},
  "google_protos": {:hex, :google_protos, "0.2.0", "7c6280e288d7f04a58448444b12d937ddc8cc40dc3d1e4f61c69936ef71d4739", [:mix], [{:protobuf, "~> 0.8", [hex: :protobuf, repo: "hexpm", optional: false]}], "hexpm", "5de24802e89867cea544d0ee8cbd36f6c9c1ebd4a9fcc55276d6eeadeedcc1f5"},
  "grpc": {:git, "https://github.com/elixir-grpc/grpc.git", "eff8a8828d27ddd7f63a3c1dd5aae86246df215e", []},
  "gun": {:hex, :grpc_gun, "2.0.0", "f99678a2ab975e74372a756c86ec30a8384d3ac8a8b86c7ed6243ef4e61d2729", [:rebar3], [{:cowlib, "~> 2.8.0", [hex: :cowlib, repo: "hexpm", optional: false]}], "hexpm", "03dbbca1a9c604a0267a40ea1d69986225091acb822de0b2dbea21d5815e410b"},
  "protobuf": {:hex, :protobuf, "0.10.0", "4e8e3cf64c5be203b329f88bb8b916cb8d00fb3a12b2ac1f545463ae963c869f", [:mix], [{:jason, "~> 1.2", [hex: :jason, repo: "hexpm", optional: true]}], "hexpm", "4ae21a386142357aa3d31ccf5f7d290f03f3fa6f209755f6e87fc2c58c147893"},
  "ranch": {:hex, :ranch, "1.7.1", "6b1fab51b49196860b733a49c07604465a47bdb78aa10c1c16a3d199f7f8c881", [:rebar3], [], "hexpm", "451d8527787df716d99dc36162fca05934915db0b6141bbdac2ea8d3c7afc7d7"},
}
